
Microsoft Visual Studio Solution File, Format Version 12.00
Project("{FAE04EC0-301F-11D3-BF4B-00C04F79EFBC}") = "UserDataBaseAppMain", "UserDataBaseAppMain\UserDataBaseAppMain.csproj", "{B9D4C8D7-57D0-4D16-BEA2-5BD9FA2B6FDF}"
EndProject
Project("{FAE04EC0-301F-11D3-BF4B-00C04F79EFBC}") = "Business", "Business\Business.csproj", "{306968D2-9255-4B88-B0F4-DF2463DC8577}"
EndProject
Global
	GlobalSection(SolutionConfigurationPlatforms) = preSolution
		Debug|Any CPU = Debug|Any CPU
		Release|Any CPU = Release|Any CPU
	EndGlobalSection
	GlobalSection(ProjectConfigurationPlatforms) = postSolution
		{B9D4C8D7-57D0-4D16-BEA2-5BD9FA2B6FDF}.Debug|Any CPU.ActiveCfg = Debug|Any CPU
		{B9D4C8D7-57D0-4D16-BEA2-5BD9FA2B6FDF}.Debug|Any CPU.Build.0 = Debug|Any CPU
		{B9D4C8D7-57D0-4D16-BEA2-5BD9FA2B6FDF}.Release|Any CPU.ActiveCfg = Release|Any CPU
		{B9D4C8D7-57D0-4D16-BEA2-5BD9FA2B6FDF}.Release|Any CPU.Build.0 = Release|Any CPU
		{306968D2-9255-4B88-B0F4-DF2463DC8577}.Debug|Any CPU.ActiveCfg = Debug|Any CPU
		{306968D2-9255-4B88-B0F4-DF2463DC8577}.Debug|Any CPU.Build.0 = Debug|Any CPU
		{306968D2-9255-4B88-B0F4-DF2463DC8577}.Release|Any CPU.ActiveCfg = Release|Any CPU
		{306968D2-9255-4B88-B0F4-DF2463DC8577}.Release|Any CPU.Build.0 = Release|Any CPU
	EndGlobalSection
EndGlobal
